
Microsoft Visual Studio Solution File, Format Version 12.00
# Visual Studio 15
VisualStudioVersion = 15.0.27428.2005
MinimumVisualStudioVersion = 10.0.40219.1
Project("{FAE04EC0-301F-11D3-BF4B-00C04F79EFBC}") = "ShoppingAPI", "ShoppingAPI\ShoppingAPI.csproj", "{F45E40BB-E5E3-4212-8B7E-850620F8B7D4}"
EndProject
Global
	GlobalSection(SolutionConfigurationPlatforms) = preSolution
		Debug|Any CPU = Debug|Any CPU
		Release|Any CPU = Release|Any CPU
	EndGlobalSection
	GlobalSection(ProjectConfigurationPlatforms) = postSolution
		{F45E40BB-E5E3-4212-8B7E-850620F8B7D4}.Debug|Any CPU.ActiveCfg = Debug|Any CPU
		{F45E40BB-E5E3-4212-8B7E-850620F8B7D4}.Debug|Any CPU.Build.0 = Debug|Any CPU
		{F45E40BB-E5E3-4212-8B7E-850620F8B7D4}.Release|Any CPU.ActiveCfg = Release|Any CPU
		{F45E40BB-E5E3-4212-8B7E-850620F8B7D4}.Release|Any CPU.Build.0 = Release|Any CPU
	EndGlobalSection
	GlobalSection(SolutionProperties) = preSolution
		HideSolutionNode = FALSE
	EndGlobalSection
	GlobalSection(ExtensibilityGlobals) = postSolution
		SolutionGuid = {D8699EDC-7720-4A16-B16C-931F5A89EE8A}
	EndGlobalSection
EndGlobal
